
Microsoft Visual Studio Solution File, Format Version 12.00
# Visual Studio Version 16
VisualStudioVersion = 16.0.30717.126
MinimumVisualStudioVersion = 10.0.40219.1
Project("{FAE04EC0-301F-11D3-BF4B-00C04F79EFBC}") = "KeywordSearch", "KeywordSearch.csproj", "{5F4A3C75-FEE3-4E04-9410-B822380FDB54}"
EndProject
Global
	GlobalSection(SolutionConfigurationPlatforms) = preSolution
		Debug|Any CPU = Debug|Any CPU
		Release|Any CPU = Release|Any CPU
	EndGlobalSection
	GlobalSection(ProjectConfigurationPlatforms) = postSolution
		{5F4A3C75-FEE3-4E04-9410-B822380FDB54}.Debug|Any CPU.ActiveCfg = Debug|Any CPU
		{5F4A3C75-FEE3-4E04-9410-B822380FDB54}.Debug|Any CPU.Build.0 = Debug|Any CPU
		{5F4A3C75-FEE3-4E04-9410-B822380FDB54}.Release|Any CPU.ActiveCfg = Release|Any CPU
		{5F4A3C75-FEE3-4E04-9410-B822380FDB54}.Release|Any CPU.Build.0 = Release|Any CPU
	EndGlobalSection
	GlobalSection(SolutionProperties) = preSolution
		HideSolutionNode = FALSE
	EndGlobalSection
	GlobalSection(ExtensibilityGlobals) = postSolution
		SolutionGuid = {2E69C2B1-DBB6-47F0-8DDC-058A9F5860E8}
	EndGlobalSection
EndGlobal
